
Microsoft Visual Studio Solution File, Format Version 12.00
# Visual Studio Version 17
VisualStudioVersion = 17.0.31919.166
MinimumVisualStudioVersion = 10.0.40219.1
Project("{9A19103F-16F7-4668-BE54-9A1E7A4F7556}") = "VSEIoTCoreServer.DAL", "VSEIoTCoreServer.DAL\VSEIoTCoreServer.DAL.csproj", "{13F91629-C4F6-47BD-B6DB-C7688A679A67}"
EndProject
Project("{2150E333-8FDC-42A3-9474-1A3956D46DE8}") = "Tests", "Tests", "{4209423A-59E9-4A84-8EEE-ED5358FF7A12}"
EndProject
Project("{9A19103F-16F7-4668-BE54-9A1E7A4F7556}") = "VSEIoTCoreServer.UnitTest", "VSEIoTCoreServer.UnitTest\VSEIoTCoreServer.UnitTest.csproj", "{7E589E16-100B-46CA-BE41-D4880A8F02C8}"
EndProject
Project("{9A19103F-16F7-4668-BE54-9A1E7A4F7556}") = "VSEIoTCoreServer.IntegrationTests", "VSEIoTCoreServer.IntegrationTests\VSEIoTCoreServer.IntegrationTests.csproj", "{166B5666-9FCA-4529-B9E6-44DA75DD2DAE}"
EndProject
Project("{9A19103F-16F7-4668-BE54-9A1E7A4F7556}") = "VSEIoTCoreServer.LibraryRuntime", "VSEIoTCoreServer.LibraryRuntime\VSEIoTCoreServer.LibraryRuntime.csproj", "{46AEA5F4-370B-4551-BBAC-C32E03751F9D}"
EndProject
Project("{9A19103F-16F7-4668-BE54-9A1E7A4F7556}") = "VSEIoTCoreServer.CommonTestUtils", "VSEIoTCoreServer.CommonTestUtils\VSEIoTCoreServer.CommonTestUtils.csproj", "{C6423ABF-20D9-4603-A205-7214CCCCFB0D}"
EndProject
Project("{9A19103F-16F7-4668-BE54-9A1E7A4F7556}") = "VSEIoTCoreServer.WebApp", "VSEIoTCoreServer.WebApp\VSEIoTCoreServer.WebApp.csproj", "{799A4091-4247-4C6B-A0A8-636414136AD2}"
EndProject
Global
	GlobalSection(SolutionConfigurationPlatforms) = preSolution
		Debug|Any CPU = Debug|Any CPU
		Release|Any CPU = Release|Any CPU
	EndGlobalSection
	GlobalSection(ProjectConfigurationPlatforms) = postSolution
		{13F91629-C4F6-47BD-B6DB-C7688A679A67}.Debug|Any CPU.ActiveCfg = Debug|Any CPU
		{13F91629-C4F6-47BD-B6DB-C7688A679A67}.Debug|Any CPU.Build.0 = Debug|Any CPU
		{13F91629-C4F6-47BD-B6DB-C7688A679A67}.Release|Any CPU.ActiveCfg = Release|Any CPU
		{13F91629-C4F6-47BD-B6DB-C7688A679A67}.Release|Any CPU.Build.0 = Release|Any CPU
		{7E589E16-100B-46CA-BE41-D4880A8F02C8}.Debug|Any CPU.ActiveCfg = Debug|Any CPU
		{7E589E16-100B-46CA-BE41-D4880A8F02C8}.Debug|Any CPU.Build.0 = Debug|Any CPU
		{7E589E16-100B-46CA-BE41-D4880A8F02C8}.Release|Any CPU.ActiveCfg = Release|Any CPU
		{7E589E16-100B-46CA-BE41-D4880A8F02C8}.Release|Any CPU.Build.0 = Release|Any CPU
		{166B5666-9FCA-4529-B9E6-44DA75DD2DAE}.Debug|Any CPU.ActiveCfg = Debug|Any CPU
		{166B5666-9FCA-4529-B9E6-44DA75DD2DAE}.Debug|Any CPU.Build.0 = Debug|Any CPU
		{166B5666-9FCA-4529-B9E6-44DA75DD2DAE}.Release|Any CPU.ActiveCfg = Release|Any CPU
		{166B5666-9FCA-4529-B9E6-44DA75DD2DAE}.Release|Any CPU.Build.0 = Release|Any CPU
		{46AEA5F4-370B-4551-BBAC-C32E03751F9D}.Debug|Any CPU.ActiveCfg = Debug|Any CPU
		{46AEA5F4-370B-4551-BBAC-C32E03751F9D}.Debug|Any CPU.Build.0 = Debug|Any CPU
		{46AEA5F4-370B-4551-BBAC-C32E03751F9D}.Release|Any CPU.ActiveCfg = Release|Any CPU
		{46AEA5F4-370B-4551-BBAC-C32E03751F9D}.Release|Any CPU.Build.0 = Release|Any CPU
		{C6423ABF-20D9-4603-A205-7214CCCCFB0D}.Debug|Any CPU.ActiveCfg = Debug|Any CPU
		{C6423ABF-20D9-4603-A205-7214CCCCFB0D}.Debug|Any CPU.Build.0 = Debug|Any CPU
		{C6423ABF-20D9-4603-A205-7214CCCCFB0D}.Release|Any CPU.ActiveCfg = Release|Any CPU
		{C6423ABF-20D9-4603-A205-7214CCCCFB0D}.Release|Any CPU.Build.0 = Release|Any CPU
		{799A4091-4247-4C6B-A0A8-636414136AD2}.Debug|Any CPU.ActiveCfg = Debug|Any CPU
		{799A4091-4247-4C6B-A0A8-636414136AD2}.Debug|Any CPU.Build.0 = Debug|Any CPU
		{799A4091-4247-4C6B-A0A8-636414136AD2}.Release|Any CPU.ActiveCfg = Release|Any CPU
		{799A4091-4247-4C6B-A0A8-636414136AD2}.Release|Any CPU.Build.0 = Release|Any CPU
	EndGlobalSection
	GlobalSection(SolutionProperties) = preSolution
		HideSolutionNode = FALSE
	EndGlobalSection
	GlobalSection(NestedProjects) = preSolution
		{7E589E16-100B-46CA-BE41-D4880A8F02C8} = {4209423A-59E9-4A84-8EEE-ED5358FF7A12}
		{166B5666-9FCA-4529-B9E6-44DA75DD2DAE} = {4209423A-59E9-4A84-8EEE-ED5358FF7A12}
		{C6423ABF-20D9-4603-A205-7214CCCCFB0D} = {4209423A-59E9-4A84-8EEE-ED5358FF7A12}
	EndGlobalSection
	GlobalSection(ExtensibilityGlobals) = postSolution
		SolutionGuid = {C36443A7-89EC-4D44-9740-9543BB7AD606}
	EndGlobalSection
EndGlobal
